
Microsoft Visual Studio Solution File, Format Version 12.00
# Visual Studio Version 17
VisualStudioVersion = 17.9.34728.123
MinimumVisualStudioVersion = 10.0.40219.1
Project("{FAE04EC0-301F-11D3-BF4B-00C04F79EFBC}") = "MvcNews", "MvcNews\MvcNews.csproj", "{0E5E999B-A8EE-4107-8DFE-C6DD74C3FCE9}"
EndProject
Global
	GlobalSection(SolutionConfigurationPlatforms) = preSolution
		Debug|Any CPU = Debug|Any CPU
		Release|Any CPU = Release|Any CPU
	EndGlobalSection
	GlobalSection(ProjectConfigurationPlatforms) = postSolution
		{0E5E999B-A8EE-4107-8DFE-C6DD74C3FCE9}.Debug|Any CPU.ActiveCfg = Debug|Any CPU
		{0E5E999B-A8EE-4107-8DFE-C6DD74C3FCE9}.Debug|Any CPU.Build.0 = Debug|Any CPU
		{0E5E999B-A8EE-4107-8DFE-C6DD74C3FCE9}.Release|Any CPU.ActiveCfg = Release|Any CPU
		{0E5E999B-A8EE-4107-8DFE-C6DD74C3FCE9}.Release|Any CPU.Build.0 = Release|Any CPU
	EndGlobalSection
	GlobalSection(SolutionProperties) = preSolution
		HideSolutionNode = FALSE
	EndGlobalSection
	GlobalSection(ExtensibilityGlobals) = postSolution
		SolutionGuid = {542A803C-5421-43BB-A669-E2B7DCE10F64}
	EndGlobalSection
EndGlobal
